
Microsoft Visual Studio Solution File, Format Version 12.00
# Visual Studio Version 17
VisualStudioVersion = 17.1.32210.238
MinimumVisualStudioVersion = 10.0.40219.1
Project("{8BC9CEB8-8B4A-11D0-8D11-00A0C91BC942}") = "Laboratory Work 2", "Laboratory Work 2\Laboratory Work 2.vcxproj", "{FFB958B2-5E0A-488A-8A6C-279EE8E0B676}"
EndProject
Project("{8BC9CEB8-8B4A-11D0-8D11-00A0C91BC942}") = "Laboratory Work 2 (1)", "Laboratory Work 2 (1)\Laboratory Work 2 (1).vcxproj", "{2C8E753C-DD0C-41B6-8DD7-F327A0438F2E}"
EndProject
Global
	GlobalSection(SolutionConfigurationPlatforms) = preSolution
		Debug|x64 = Debug|x64
		Debug|x86 = Debug|x86
		Release|x64 = Release|x64
		Release|x86 = Release|x86
	EndGlobalSection
	GlobalSection(ProjectConfigurationPlatforms) = postSolution
		{FFB958B2-5E0A-488A-8A6C-279EE8E0B676}.Debug|x64.ActiveCfg = Debug|x64
		{FFB958B2-5E0A-488A-8A6C-279EE8E0B676}.Debug|x64.Build.0 = Debug|x64
		{FFB958B2-5E0A-488A-8A6C-279EE8E0B676}.Debug|x86.ActiveCfg = Debug|Win32
		{FFB958B2-5E0A-488A-8A6C-279EE8E0B676}.Debug|x86.Build.0 = Debug|Win32
		{FFB958B2-5E0A-488A-8A6C-279EE8E0B676}.Release|x64.ActiveCfg = Release|x64
		{FFB958B2-5E0A-488A-8A6C-279EE8E0B676}.Release|x64.Build.0 = Release|x64
		{FFB958B2-5E0A-488A-8A6C-279EE8E0B676}.Release|x86.ActiveCfg = Release|Win32
		{FFB958B2-5E0A-488A-8A6C-279EE8E0B676}.Release|x86.Build.0 = Release|Win32
		{2C8E753C-DD0C-41B6-8DD7-F327A0438F2E}.Debug|x64.ActiveCfg = Debug|x64
		{2C8E753C-DD0C-41B6-8DD7-F327A0438F2E}.Debug|x64.Build.0 = Debug|x64
		{2C8E753C-DD0C-41B6-8DD7-F327A0438F2E}.Debug|x86.ActiveCfg = Debug|Win32
		{2C8E753C-DD0C-41B6-8DD7-F327A0438F2E}.Debug|x86.Build.0 = Debug|Win32
		{2C8E753C-DD0C-41B6-8DD7-F327A0438F2E}.Release|x64.ActiveCfg = Release|x64
		{2C8E753C-DD0C-41B6-8DD7-F327A0438F2E}.Release|x64.Build.0 = Release|x64
		{2C8E753C-DD0C-41B6-8DD7-F327A0438F2E}.Release|x86.ActiveCfg = Release|Win32
		{2C8E753C-DD0C-41B6-8DD7-F327A0438F2E}.Release|x86.Build.0 = Release|Win32
	EndGlobalSection
	GlobalSection(SolutionProperties) = preSolution
		HideSolutionNode = FALSE
	EndGlobalSection
	GlobalSection(ExtensibilityGlobals) = postSolution
		SolutionGuid = {91781BC6-729E-4B68-AFEB-463671142476}
	EndGlobalSection
EndGlobal
